
Microsoft Visual Studio Solution File, Format Version 12.00
# Visual Studio Version 17
VisualStudioVersion = 17.10.34916.146
MinimumVisualStudioVersion = 10.0.40219.1
Project("{FAE04EC0-301F-11D3-BF4B-00C04F79EFBC}") = "YaeMod21341", "YaeMod21341.csproj", "{0041AB0D-788D-4F90-BE73-AC793550E7F2}"
EndProject
Global
	GlobalSection(SolutionConfigurationPlatforms) = preSolution
		Debug|Any CPU = Debug|Any CPU
	EndGlobalSection
	GlobalSection(ProjectConfigurationPlatforms) = postSolution
		{0041AB0D-788D-4F90-BE73-AC793550E7F2}.Debug|Any CPU.ActiveCfg = Debug|Any CPU
		{0041AB0D-788D-4F90-BE73-AC793550E7F2}.Debug|Any CPU.Build.0 = Debug|Any CPU
	EndGlobalSection
	GlobalSection(SolutionProperties) = preSolution
		HideSolutionNode = FALSE
	EndGlobalSection
	GlobalSection(ExtensibilityGlobals) = postSolution
		SolutionGuid = {574A9703-0772-470A-A204-89106B5718BA}
	EndGlobalSection
EndGlobal
